
Microsoft Visual Studio Solution File, Format Version 12.00
# Visual Studio 15
VisualStudioVersion = 15.0.28010.0
MinimumVisualStudioVersion = 10.0.40219.1
Project("{FAE04EC0-301F-11D3-BF4B-00C04F79EFBC}") = "PuffikKg", "PuffikKg\PuffikKg.csproj", "{C48AE965-AA27-4C6D-8FFB-B093D361608A}"
EndProject
Global
	GlobalSection(SolutionConfigurationPlatforms) = preSolution
		Debug|Any CPU = Debug|Any CPU
		Release|Any CPU = Release|Any CPU
	EndGlobalSection
	GlobalSection(ProjectConfigurationPlatforms) = postSolution
		{C48AE965-AA27-4C6D-8FFB-B093D361608A}.Debug|Any CPU.ActiveCfg = Debug|Any CPU
		{C48AE965-AA27-4C6D-8FFB-B093D361608A}.Debug|Any CPU.Build.0 = Debug|Any CPU
		{C48AE965-AA27-4C6D-8FFB-B093D361608A}.Release|Any CPU.ActiveCfg = Release|Any CPU
		{C48AE965-AA27-4C6D-8FFB-B093D361608A}.Release|Any CPU.Build.0 = Release|Any CPU
	EndGlobalSection
	GlobalSection(SolutionProperties) = preSolution
		HideSolutionNode = FALSE
	EndGlobalSection
	GlobalSection(ExtensibilityGlobals) = postSolution
		SolutionGuid = {A47A2F8A-985B-4DE4-B4CE-68C918FD8B3F}
	EndGlobalSection
EndGlobal
